
Microsoft Visual Studio Solution File, Format Version 12.00
# Visual Studio Version 16
VisualStudioVersion = 16.0.29306.81
MinimumVisualStudioVersion = 10.0.40219.1
Project("{FAE04EC0-301F-11D3-BF4B-00C04F79EFBC}") = "Newt Salamander", "Newt Salamander\Newt Salamander.csproj", "{B86DFB31-4CFB-4876-9754-351CAD4B602D}"
EndProject
Project("{FAE04EC0-301F-11D3-BF4B-00C04F79EFBC}") = "NewtSalamanderTests", "NewtSalamanderTests\NewtSalamanderTests.csproj", "{278F2847-CCAE-4E41-90FA-3942CA150C97}"
EndProject
Global
	GlobalSection(SolutionConfigurationPlatforms) = preSolution
		Debug|Any CPU = Debug|Any CPU
		Release|Any CPU = Release|Any CPU
	EndGlobalSection
	GlobalSection(ProjectConfigurationPlatforms) = postSolution
		{B86DFB31-4CFB-4876-9754-351CAD4B602D}.Debug|Any CPU.ActiveCfg = Debug|Any CPU
		{B86DFB31-4CFB-4876-9754-351CAD4B602D}.Debug|Any CPU.Build.0 = Debug|Any CPU
		{B86DFB31-4CFB-4876-9754-351CAD4B602D}.Release|Any CPU.ActiveCfg = Release|Any CPU
		{B86DFB31-4CFB-4876-9754-351CAD4B602D}.Release|Any CPU.Build.0 = Release|Any CPU
		{278F2847-CCAE-4E41-90FA-3942CA150C97}.Debug|Any CPU.ActiveCfg = Debug|Any CPU
		{278F2847-CCAE-4E41-90FA-3942CA150C97}.Debug|Any CPU.Build.0 = Debug|Any CPU
		{278F2847-CCAE-4E41-90FA-3942CA150C97}.Release|Any CPU.ActiveCfg = Release|Any CPU
		{278F2847-CCAE-4E41-90FA-3942CA150C97}.Release|Any CPU.Build.0 = Release|Any CPU
	EndGlobalSection
	GlobalSection(SolutionProperties) = preSolution
		HideSolutionNode = FALSE
	EndGlobalSection
	GlobalSection(ExtensibilityGlobals) = postSolution
		SolutionGuid = {BEE5CA09-9820-4973-8F05-8A6E205D22D6}
	EndGlobalSection
EndGlobal
